
Microsoft Visual Studio Solution File, Format Version 12.00
# Visual Studio Version 17
VisualStudioVersion = 17.5.002.0
MinimumVisualStudioVersion = 10.0.40219.1
Project("{2150E333-8FDC-42A3-9474-1A3956D46DE8}") = "DelegateTest", "DelegateTest", "{6AD56118-6423-408D-80D7-1BC7ED391255}"
EndProject
Project("{9A19103F-16F7-4668-BE54-9A1E7A4F7556}") = "DemoApp", "DelegateTest\DemoApp\DemoApp.csproj", "{8CBC470E-1ECE-4C8E-8E7E-1D6A9A284F14}"
EndProject
Project("{2150E333-8FDC-42A3-9474-1A3956D46DE8}") = "EnumeratorTest", "EnumeratorTest", "{7A4D992E-3D82-427F-B843-C13BB760C5BB}"
EndProject
Project("{9A19103F-16F7-4668-BE54-9A1E7A4F7556}") = "DemoApp1", "EnumeratorTest\DemoApp1\DemoApp1.csproj", "{E7E51D35-CDE3-4759-87D5-E590EE56A1C5}"
EndProject
Project("{9A19103F-16F7-4668-BE54-9A1E7A4F7556}") = "DemoApp2", "EnumeratorTest\DemoApp2\DemoApp2.csproj", "{F76F7CC1-9954-4CD6-A86A-993C2B11CD53}"
EndProject
Project("{2150E333-8FDC-42A3-9474-1A3956D46DE8}") = "GenericMethodTest", "GenericMethodTest", "{61303FD2-8C35-40AC-8BF5-FB4DE69BC9D8}"
EndProject
Project("{9A19103F-16F7-4668-BE54-9A1E7A4F7556}") = "DemoApp", "GenericMethodTest\DemoApp\DemoApp.csproj", "{9A2AB0D9-102A-417C-981E-5A274FB0DEAB}"
EndProject
Project("{2150E333-8FDC-42A3-9474-1A3956D46DE8}") = "GenericTypeTest", "GenericTypeTest", "{5286BE99-A01B-42C2-9C6D-8E254DC21D27}"
EndProject
Project("{9A19103F-16F7-4668-BE54-9A1E7A4F7556}") = "DemoApp", "GenericTypeTest\DemoApp\DemoApp.csproj", "{BC6D4AF3-A3DD-454C-886A-88E2DB228696}"
EndProject
Project("{2150E333-8FDC-42A3-9474-1A3956D46DE8}") = "LinqTest", "LinqTest", "{041F7C5F-1273-4678-A32A-959F8D72973D}"
EndProject
Project("{9A19103F-16F7-4668-BE54-9A1E7A4F7556}") = "DemoApp", "LinqTest\DemoApp\DemoApp.csproj", "{FE6C7834-DD6F-42B4-A1D2-EAB029784B49}"
EndProject
Project("{2150E333-8FDC-42A3-9474-1A3956D46DE8}") = "PInvokeTest", "PInvokeTest", "{E54B59CE-1881-49D9-911A-37E00E8E8807}"
EndProject
Project("{9A19103F-16F7-4668-BE54-9A1E7A4F7556}") = "DemoApp", "PInvokeTest\DemoApp\DemoApp.csproj", "{A2FAB8DF-84C0-443A-85F6-36BF38DA6E5E}"
EndProject
Project("{2150E333-8FDC-42A3-9474-1A3956D46DE8}") = "ReflectionTest1", "ReflectionTest1", "{07BF14E3-AE07-42BE-B072-2EA4D67C95D0}"
EndProject
Project("{9A19103F-16F7-4668-BE54-9A1E7A4F7556}") = "DemoApp", "ReflectionTest1\DemoApp\DemoApp.csproj", "{3B1B2374-7C0D-4CA4-8966-03CB34C3FC39}"
EndProject
Project("{9A19103F-16F7-4668-BE54-9A1E7A4F7556}") = "FinLib", "ReflectionTest1\FinLib\FinLib.csproj", "{0E59A026-F323-4AA4-94DF-52D2505D408E}"
EndProject
Project("{2150E333-8FDC-42A3-9474-1A3956D46DE8}") = "ReflectionTest2", "ReflectionTest2", "{75348BE8-D831-483E-8B7F-7AE1B33F71FC}"
EndProject
Project("{9A19103F-16F7-4668-BE54-9A1E7A4F7556}") = "DemoApp", "ReflectionTest2\DemoApp\DemoApp.csproj", "{B8E2B345-C5C1-4FB2-9150-19BD41DD9ED6}"
EndProject
Project("{9A19103F-16F7-4668-BE54-9A1E7A4F7556}") = "FinLib", "ReflectionTest2\FinLib\FinLib.csproj", "{2BAABF8C-750F-4098-9171-1D0727F778B5}"
EndProject
Global
	GlobalSection(SolutionConfigurationPlatforms) = preSolution
		Debug|Any CPU = Debug|Any CPU
		Release|Any CPU = Release|Any CPU
	EndGlobalSection
	GlobalSection(ProjectConfigurationPlatforms) = postSolution
		{8CBC470E-1ECE-4C8E-8E7E-1D6A9A284F14}.Debug|Any CPU.ActiveCfg = Debug|Any CPU
		{8CBC470E-1ECE-4C8E-8E7E-1D6A9A284F14}.Debug|Any CPU.Build.0 = Debug|Any CPU
		{8CBC470E-1ECE-4C8E-8E7E-1D6A9A284F14}.Release|Any CPU.ActiveCfg = Release|Any CPU
		{8CBC470E-1ECE-4C8E-8E7E-1D6A9A284F14}.Release|Any CPU.Build.0 = Release|Any CPU
		{E7E51D35-CDE3-4759-87D5-E590EE56A1C5}.Debug|Any CPU.ActiveCfg = Debug|Any CPU
		{E7E51D35-CDE3-4759-87D5-E590EE56A1C5}.Debug|Any CPU.Build.0 = Debug|Any CPU
		{E7E51D35-CDE3-4759-87D5-E590EE56A1C5}.Release|Any CPU.ActiveCfg = Release|Any CPU
		{E7E51D35-CDE3-4759-87D5-E590EE56A1C5}.Release|Any CPU.Build.0 = Release|Any CPU
		{F76F7CC1-9954-4CD6-A86A-993C2B11CD53}.Debug|Any CPU.ActiveCfg = Debug|Any CPU
		{F76F7CC1-9954-4CD6-A86A-993C2B11CD53}.Debug|Any CPU.Build.0 = Debug|Any CPU
		{F76F7CC1-9954-4CD6-A86A-993C2B11CD53}.Release|Any CPU.ActiveCfg = Release|Any CPU
		{F76F7CC1-9954-4CD6-A86A-993C2B11CD53}.Release|Any CPU.Build.0 = Release|Any CPU
		{9A2AB0D9-102A-417C-981E-5A274FB0DEAB}.Debug|Any CPU.ActiveCfg = Debug|Any CPU
		{9A2AB0D9-102A-417C-981E-5A274FB0DEAB}.Debug|Any CPU.Build.0 = Debug|Any CPU
		{9A2AB0D9-102A-417C-981E-5A274FB0DEAB}.Release|Any CPU.ActiveCfg = Release|Any CPU
		{9A2AB0D9-102A-417C-981E-5A274FB0DEAB}.Release|Any CPU.Build.0 = Release|Any CPU
		{BC6D4AF3-A3DD-454C-886A-88E2DB228696}.Debug|Any CPU.ActiveCfg = Debug|Any CPU
		{BC6D4AF3-A3DD-454C-886A-88E2DB228696}.Debug|Any CPU.Build.0 = Debug|Any CPU
		{BC6D4AF3-A3DD-454C-886A-88E2DB228696}.Release|Any CPU.ActiveCfg = Release|Any CPU
		{BC6D4AF3-A3DD-454C-886A-88E2DB228696}.Release|Any CPU.Build.0 = Release|Any CPU
		{FE6C7834-DD6F-42B4-A1D2-EAB029784B49}.Debug|Any CPU.ActiveCfg = Debug|Any CPU
		{FE6C7834-DD6F-42B4-A1D2-EAB029784B49}.Debug|Any CPU.Build.0 = Debug|Any CPU
		{FE6C7834-DD6F-42B4-A1D2-EAB029784B49}.Release|Any CPU.ActiveCfg = Release|Any CPU
		{FE6C7834-DD6F-42B4-A1D2-EAB029784B49}.Release|Any CPU.Build.0 = Release|Any CPU
		{A2FAB8DF-84C0-443A-85F6-36BF38DA6E5E}.Debug|Any CPU.ActiveCfg = Debug|Any CPU
		{A2FAB8DF-84C0-443A-85F6-36BF38DA6E5E}.Debug|Any CPU.Build.0 = Debug|Any CPU
		{A2FAB8DF-84C0-443A-85F6-36BF38DA6E5E}.Release|Any CPU.ActiveCfg = Release|Any CPU
		{A2FAB8DF-84C0-443A-85F6-36BF38DA6E5E}.Release|Any CPU.Build.0 = Release|Any CPU
		{3B1B2374-7C0D-4CA4-8966-03CB34C3FC39}.Debug|Any CPU.ActiveCfg = Debug|Any CPU
		{3B1B2374-7C0D-4CA4-8966-03CB34C3FC39}.Debug|Any CPU.Build.0 = Debug|Any CPU
		{3B1B2374-7C0D-4CA4-8966-03CB34C3FC39}.Release|Any CPU.ActiveCfg = Release|Any CPU
		{3B1B2374-7C0D-4CA4-8966-03CB34C3FC39}.Release|Any CPU.Build.0 = Release|Any CPU
		{0E59A026-F323-4AA4-94DF-52D2505D408E}.Debug|Any CPU.ActiveCfg = Debug|Any CPU
		{0E59A026-F323-4AA4-94DF-52D2505D408E}.Debug|Any CPU.Build.0 = Debug|Any CPU
		{0E59A026-F323-4AA4-94DF-52D2505D408E}.Release|Any CPU.ActiveCfg = Release|Any CPU
		{0E59A026-F323-4AA4-94DF-52D2505D408E}.Release|Any CPU.Build.0 = Release|Any CPU
		{B8E2B345-C5C1-4FB2-9150-19BD41DD9ED6}.Debug|Any CPU.ActiveCfg = Debug|Any CPU
		{B8E2B345-C5C1-4FB2-9150-19BD41DD9ED6}.Debug|Any CPU.Build.0 = Debug|Any CPU
		{B8E2B345-C5C1-4FB2-9150-19BD41DD9ED6}.Release|Any CPU.ActiveCfg = Release|Any CPU
		{B8E2B345-C5C1-4FB2-9150-19BD41DD9ED6}.Release|Any CPU.Build.0 = Release|Any CPU
		{2BAABF8C-750F-4098-9171-1D0727F778B5}.Debug|Any CPU.ActiveCfg = Debug|Any CPU
		{2BAABF8C-750F-4098-9171-1D0727F778B5}.Debug|Any CPU.Build.0 = Debug|Any CPU
		{2BAABF8C-750F-4098-9171-1D0727F778B5}.Release|Any CPU.ActiveCfg = Release|Any CPU
		{2BAABF8C-750F-4098-9171-1D0727F778B5}.Release|Any CPU.Build.0 = Release|Any CPU
	EndGlobalSection
	GlobalSection(SolutionProperties) = preSolution
		HideSolutionNode = FALSE
	EndGlobalSection
	GlobalSection(NestedProjects) = preSolution
		{8CBC470E-1ECE-4C8E-8E7E-1D6A9A284F14} = {6AD56118-6423-408D-80D7-1BC7ED391255}
		{E7E51D35-CDE3-4759-87D5-E590EE56A1C5} = {7A4D992E-3D82-427F-B843-C13BB760C5BB}
		{F76F7CC1-9954-4CD6-A86A-993C2B11CD53} = {7A4D992E-3D82-427F-B843-C13BB760C5BB}
		{9A2AB0D9-102A-417C-981E-5A274FB0DEAB} = {61303FD2-8C35-40AC-8BF5-FB4DE69BC9D8}
		{BC6D4AF3-A3DD-454C-886A-88E2DB228696} = {5286BE99-A01B-42C2-9C6D-8E254DC21D27}
		{FE6C7834-DD6F-42B4-A1D2-EAB029784B49} = {041F7C5F-1273-4678-A32A-959F8D72973D}
		{A2FAB8DF-84C0-443A-85F6-36BF38DA6E5E} = {E54B59CE-1881-49D9-911A-37E00E8E8807}
		{3B1B2374-7C0D-4CA4-8966-03CB34C3FC39} = {07BF14E3-AE07-42BE-B072-2EA4D67C95D0}
		{0E59A026-F323-4AA4-94DF-52D2505D408E} = {07BF14E3-AE07-42BE-B072-2EA4D67C95D0}
		{B8E2B345-C5C1-4FB2-9150-19BD41DD9ED6} = {75348BE8-D831-483E-8B7F-7AE1B33F71FC}
		{2BAABF8C-750F-4098-9171-1D0727F778B5} = {75348BE8-D831-483E-8B7F-7AE1B33F71FC}
	EndGlobalSection
	GlobalSection(ExtensibilityGlobals) = postSolution
		SolutionGuid = {9EAC2079-BE64-429D-A3D3-3F6C73EE289A}
	EndGlobalSection
EndGlobal
